
Microsoft Visual Studio Solution File, Format Version 12.00
# Visual Studio Version 17
VisualStudioVersion = 17.7.34031.279
MinimumVisualStudioVersion = 10.0.40219.1
Project("{9A19103F-16F7-4668-BE54-9A1E7A4F7556}") = "User.Management.API", "User.Management.API\User.Management.API.csproj", "{54F15B80-69D6-4DEB-94E0-A8340F0CA461}"
EndProject
Project("{FAE04EC0-301F-11D3-BF4B-00C04F79EFBC}") = "User.Management.Service", "User.Management.Service\User.Management.Service.csproj", "{82622C86-BF1D-48D0-A10D-BE7F94CEC053}"
EndProject
Global
	GlobalSection(SolutionConfigurationPlatforms) = preSolution
		Debug|Any CPU = Debug|Any CPU
		Release|Any CPU = Release|Any CPU
	EndGlobalSection
	GlobalSection(ProjectConfigurationPlatforms) = postSolution
		{54F15B80-69D6-4DEB-94E0-A8340F0CA461}.Debug|Any CPU.ActiveCfg = Debug|Any CPU
		{54F15B80-69D6-4DEB-94E0-A8340F0CA461}.Debug|Any CPU.Build.0 = Debug|Any CPU
		{54F15B80-69D6-4DEB-94E0-A8340F0CA461}.Release|Any CPU.ActiveCfg = Release|Any CPU
		{54F15B80-69D6-4DEB-94E0-A8340F0CA461}.Release|Any CPU.Build.0 = Release|Any CPU
		{82622C86-BF1D-48D0-A10D-BE7F94CEC053}.Debug|Any CPU.ActiveCfg = Debug|Any CPU
		{82622C86-BF1D-48D0-A10D-BE7F94CEC053}.Debug|Any CPU.Build.0 = Debug|Any CPU
		{82622C86-BF1D-48D0-A10D-BE7F94CEC053}.Release|Any CPU.ActiveCfg = Release|Any CPU
		{82622C86-BF1D-48D0-A10D-BE7F94CEC053}.Release|Any CPU.Build.0 = Release|Any CPU
	EndGlobalSection
	GlobalSection(SolutionProperties) = preSolution
		HideSolutionNode = FALSE
	EndGlobalSection
	GlobalSection(ExtensibilityGlobals) = postSolution
		SolutionGuid = {955685B9-E996-4CCD-BAF5-C722291E32E4}
	EndGlobalSection
EndGlobal
